{
    "_readme": [
        "This file locks the dependencies of your project to a known state",
        "Read more about it at https://getcomposer.org/doc/01-basic-usage.md#composer-lock-the-lock-file",
        "This file is @generated automatically"
    ],
    "content-hash": "da5125dc3d22240381728c66c1eb60cd",
    "packages": [
        {
            "name": "91carriage/phpunit-hhi",
            "version": "5.6.0",
            "source": {
                "type": "git",
                "url": "https://git.simon.geek.nz/91-carriage/phpunit-hhi.git",
                "reference": "7947e7fbc00a10928ef665e7ff40e383dea8af63"
            },
            "require": {
                "hhvm": ">=3.9.0"
            },
            "conflict": {
                "phpunit/phpunit": "<5.6.1"
            },
            "require-dev": {
                "phpunit/phpunit": "*"
            },
            "suggest": {
                "91carriage/dbunit-hhi": "HHI files for use with DbUnit"
            },
            "type": "library",
            "extra": {
                "branch-alias": {
                    "dev-master": "5.7.x-dev",
                    "dev-phpunit-5.6": "5.6.x-dev",
                    "dev-phpunit-5.5": "5.5.x-dev",
                    "dev-phpunit-5.4": "5.4.x-dev",
                    "dev-phpunit-5.3": "5.3.x-dev",
                    "dev-phpunit-5.2": "5.2.x-dev",
                    "dev-phpunit-5.1": "5.1.x-dev",
                    "dev-phpunit-5.0": "5.0.x-dev",
                    "dev-phpunit-4.8": "4.8.x-dev"
                }
            },
            "notification-url": "https://packagist.org/downloads/",
            "license": [
                "MIT"
            ],
            "description": "HHI definitions for PHPUnit",
            "homepage": "https://git.simon.geek.nz/91-carriage/phpunit-hhi",
            "keywords": [
                "hack",
                "hhvm",
                "phpunit",
                "testing"
            ],
            "time": "2016-10-18T09:45:27+00:00"
        },
        {
            "name": "fredemmott/definition-finder",
            "version": "v1.4.1",
            "source": {
                "type": "git",
                "url": "https://github.com/fredemmott/definition-finder.git",
                "reference": "54cd2cb58dde474b8ff7a71ba5d84d508897d16a"
            },
            "dist": {
                "type": "zip",
                "url": "https://api.github.com/repos/fredemmott/definition-finder/zipball/54cd2cb58dde474b8ff7a71ba5d84d508897d16a",
                "reference": "54cd2cb58dde474b8ff7a71ba5d84d508897d16a",
                "shasum": ""
            },
            "require": {
                "hhvm": "~3.12"
            },
            "require-dev": {
                "91carriage/phpunit-hhi": "~5.1",
                "hhvm/systemlib-extractor": "^0.1.0",
                "phpunit/phpunit": "~5.1"
            },
            "type": "library",
            "autoload": {
                "classmap": [
                    "src/"
                ],
                "files": [
                    "src/typedefs.php",
                    "src/utils.php"
                ]
            },
            "notification-url": "https://packagist.org/downloads/",
            "license": [
                "BSD-3-Clause"
            ],
            "description": "Find definitions in PHP or Hack files. Useful for autoloaders.",
            "homepage": "https://github.com/fredemmott/definitions-finder",
            "keywords": [
                "autoload",
                "definitions",
                "hack",
                "hhvm"
            ],
            "time": "2017-01-04T01:14:28+00:00"
        },
        {
            "name": "fredemmott/hhvm-autoload",
            "version": "v1.0.0",
            "source": {
                "type": "git",
                "url": "https://github.com/fredemmott/hhvm-autoload.git",
                "reference": "3d24ae5ede39e9203592da42b8205091cc9c6191"
            },
            "dist": {
                "type": "zip",
                "url": "https://api.github.com/repos/fredemmott/hhvm-autoload/zipball/3d24ae5ede39e9203592da42b8205091cc9c6191",
                "reference": "3d24ae5ede39e9203592da42b8205091cc9c6191",
                "shasum": ""
            },
            "require": {
                "91carriage/phpunit-hhi": "^5.1",
                "composer-plugin-api": "^1.0",
                "fredemmott/definition-finder": "^1.0",
                "hhvm": "~3.9"
            },
            "require-dev": {
                "phpunit/phpunit": "^5.1"
            },
            "type": "composer-plugin",
            "extra": {
                "class": [
                    "FredEmmott\\AutoloadMap\\ComposerPlugin"
                ]
            },
            "autoload": {
                "classmap": [
                    "src/"
                ],
                "files": [
                    "src/AutoloadMap.php",
                    "src/Config.php"
                ]
            },
            "notification-url": "https://packagist.org/downloads/",
            "time": "2016-09-30T02:37:18+00:00"
        }
    ],
    "packages-dev": [],
    "aliases": [],
    "minimum-stability": "stable",
    "stability-flags": [],
    "prefer-stable": false,
    "prefer-lowest": false,
    "platform": [],
    "platform-dev": []
}
