{
    "_readme": [
        "This file locks the dependencies of your project to a known state",
        "Read more about it at https://getcomposer.org/doc/01-basic-usage.md#composer-lock-the-lock-file",
        "This file is @generated automatically"
    ],
    "content-hash": "59014c2335700902a8d1e736b6eb9e9a",
    "packages": [
        {
            "name": "guzzlehttp/psr7",
            "version": "dev-master",
            "source": {
                "type": "git",
                "url": "https://github.com/guzzle/psr7.git",
                "reference": "526d8ef63e8701e02216b621e4a3a16085e2286f"
            },
            "dist": {
                "type": "zip",
                "url": "https://api.github.com/repos/guzzle/psr7/zipball/526d8ef63e8701e02216b621e4a3a16085e2286f",
                "reference": "526d8ef63e8701e02216b621e4a3a16085e2286f",
                "shasum": ""
            },
            "require": {
                "php": ">=5.4.0",
                "psr/http-message": "~1.0"
            },
            "provide": {
                "psr/http-message-implementation": "1.0"
            },
            "require-dev": {
                "phpunit/phpunit": "~4.0"
            },
            "type": "library",
            "extra": {
                "branch-alias": {
                    "dev-master": "1.4-dev"
                }
            },
            "autoload": {
                "psr-4": {
                    "GuzzleHttp\\Psr7\\": "src/"
                },
                "files": [
                    "src/functions_include.php"
                ]
            },
            "notification-url": "https://packagist.org/downloads/",
            "license": [
                "MIT"
            ],
            "authors": [
                {
                    "name": "Michael Dowling",
                    "email": "mtdowling@gmail.com",
                    "homepage": "https://github.com/mtdowling"
                },
                {
                    "name": "Tobias Schultze",
                    "homepage": "https://github.com/Tobion"
                }
            ],
            "description": "PSR-7 message implementation that also provides common utility methods",
            "keywords": [
                "http",
                "message",
                "request",
                "response",
                "stream",
                "uri",
                "url"
            ],
            "time": "2017-06-19 13:30:27"
        },
        {
            "name": "psr/http-message",
            "version": "1.0.1",
            "source": {
                "type": "git",
                "url": "https://github.com/php-fig/http-message.git",
                "reference": "f6561bf28d520154e4b0ec72be95418abe6d9363"
            },
            "dist": {
                "type": "zip",
                "url": "https://api.github.com/repos/php-fig/http-message/zipball/f6561bf28d520154e4b0ec72be95418abe6d9363",
                "reference": "f6561bf28d520154e4b0ec72be95418abe6d9363",
                "shasum": ""
            },
            "require": {
                "php": ">=5.3.0"
            },
            "type": "library",
            "extra": {
                "branch-alias": {
                    "dev-master": "1.0.x-dev"
                }
            },
            "autoload": {
                "psr-4": {
                    "Psr\\Http\\Message\\": "src/"
                }
            },
            "notification-url": "https://packagist.org/downloads/",
            "license": [
                "MIT"
            ],
            "authors": [
                {
                    "name": "PHP-FIG",
                    "homepage": "http://www.php-fig.org/"
                }
            ],
            "description": "Common interface for HTTP messages",
            "homepage": "https://github.com/php-fig/http-message",
            "keywords": [
                "http",
                "http-message",
                "psr",
                "psr-7",
                "request",
                "response"
            ],
            "time": "2016-08-06T14:39:51+00:00"
        }
    ],
    "packages-dev": [
        {
            "name": "91carriage/phpunit-hhi",
            "version": "5.7.1",
            "source": {
                "type": "git",
                "url": "https://git.simon.geek.nz/91-carriage/phpunit-hhi.git",
                "reference": "6864897f023f111d8b72fb7340c1ef5d0d9f8a45"
            },
            "require": {
                "hhvm": ">=3.12.0"
            },
            "conflict": {
                "phpunit/phpunit": "<5.7.15"
            },
            "require-dev": {
                "phpunit/phpunit": "*"
            },
            "suggest": {
                "91carriage/dbunit-hhi": "HHI files for use with DbUnit"
            },
            "type": "library",
            "extra": {
                "branch-alias": {
                    "dev-master": "6.0.x-dev",
                    "dev-phpunit-5.7": "5.7.x-dev",
                    "dev-phpunit-5.6": "5.6.x-dev",
                    "dev-phpunit-5.5": "5.5.x-dev",
                    "dev-phpunit-5.4": "5.4.x-dev",
                    "dev-phpunit-5.3": "5.3.x-dev",
                    "dev-phpunit-5.2": "5.2.x-dev",
                    "dev-phpunit-5.1": "5.1.x-dev",
                    "dev-phpunit-5.0": "5.0.x-dev",
                    "dev-phpunit-4.8": "4.8.x-dev"
                }
            },
            "notification-url": "https://packagist.org/downloads/",
            "license": [
                "MIT"
            ],
            "description": "HHI definitions for PHPUnit",
            "homepage": "https://git.simon.geek.nz/91-carriage/phpunit-hhi",
            "keywords": [
                "hack",
                "hhvm",
                "phpunit",
                "testing"
            ],
            "time": "2017-04-09T02:42:01+00:00"
        },
        {
            "name": "appertly/axe",
            "version": "0.2.7",
            "source": {
                "type": "git",
                "url": "https://github.com/appertly/axe.git",
                "reference": "4a15b4bed0a249bb3a7ce34661c98a14ab7b66b9"
            },
            "dist": {
                "type": "zip",
                "url": "https://api.github.com/repos/appertly/axe/zipball/4a15b4bed0a249bb3a7ce34661c98a14ab7b66b9",
                "reference": "4a15b4bed0a249bb3a7ce34661c98a14ab7b66b9",
                "shasum": ""
            },
            "require": {
                "facebook/xhp-lib": "~2.2",
                "hhvm": "~3.12"
            },
            "require-dev": {
                "hackpack/hackunit": "~0.6"
            },
            "type": "library",
            "autoload": {
                "classmap": [
                    "src",
                    "xhp"
                ]
            },
            "notification-url": "https://packagist.org/downloads/",
            "license": [
                "MIT"
            ],
            "description": "Appertly XHP Extras: Some useful XHP tags and utilities",
            "homepage": "http://github.com/appertly/axe",
            "keywords": [
                "hack",
                "hhvm",
                "xhp"
            ],
            "time": "2016-12-29T15:47:29+00:00"
        },
        {
            "name": "appertly/axe-markdown",
            "version": "0.1.0",
            "source": {
                "type": "git",
                "url": "https://github.com/appertly/axe-markdown.git",
                "reference": "988fa3683dcec8fc56c512ec63502a2ce34e3e82"
            },
            "dist": {
                "type": "zip",
                "url": "https://api.github.com/repos/appertly/axe-markdown/zipball/988fa3683dcec8fc56c512ec63502a2ce34e3e82",
                "reference": "988fa3683dcec8fc56c512ec63502a2ce34e3e82",
                "shasum": ""
            },
            "require": {
                "facebook/xhp-lib": "~2.2",
                "hhvm": "~3.12",
                "league/commonmark": "^0.13"
            },
            "require-dev": {
                "hackpack/hackunit": "~0.6"
            },
            "type": "library",
            "autoload": {
                "classmap": [
                    "src",
                    "xhp"
                ]
            },
            "notification-url": "https://packagist.org/downloads/",
            "license": [
                "MIT"
            ],
            "description": "Appertly XHP Extras Markdown: Markdown to XHP",
            "homepage": "http://github.com/appertly/axe-markdown",
            "keywords": [
                "hack",
                "hhvm",
                "markdown",
                "xhp"
            ],
            "time": "2016-05-23T15:25:08+00:00"
        },
        {
            "name": "appertly/cleopatra",
            "version": "0.1.1",
            "source": {
                "type": "git",
                "url": "https://github.com/appertly/cleopatra.git",
                "reference": "59fed9cb1570a085be1eab0bd531cec2d0d682c0"
            },
            "dist": {
                "type": "zip",
                "url": "https://api.github.com/repos/appertly/cleopatra/zipball/59fed9cb1570a085be1eab0bd531cec2d0d682c0",
                "reference": "59fed9cb1570a085be1eab0bd531cec2d0d682c0",
                "shasum": ""
            },
            "require": {
                "hhvm": "~3.12"
            },
            "require-dev": {
                "hackpack/hackunit": "~0.6"
            },
            "type": "library",
            "autoload": {
                "psr-4": {
                    "Cleopatra\\": "src/"
                }
            },
            "notification-url": "https://packagist.org/downloads/",
            "license": [
                "MIT"
            ],
            "description": "Command line argument and option parser for Hack",
            "homepage": "http://gitlab.com/appertly/cleopatra",
            "keywords": [
                "cli",
                "getopt",
                "hack",
                "hhvm"
            ],
            "time": "2016-05-03T21:33:29+00:00"
        },
        {
            "name": "appertly/hphpdoc",
            "version": "dev-master",
            "source": {
                "type": "git",
                "url": "https://github.com/appertly/hphpdoc.git",
                "reference": "2bb855a11588ff2bfa39c3309f0ca81b147cc4f6"
            },
            "dist": {
                "type": "zip",
                "url": "https://api.github.com/repos/appertly/hphpdoc/zipball/2bb855a11588ff2bfa39c3309f0ca81b147cc4f6",
                "reference": "2bb855a11588ff2bfa39c3309f0ca81b147cc4f6",
                "shasum": ""
            },
            "require": {
                "appertly/axe": "~0.1",
                "appertly/axe-markdown": "~0.1",
                "appertly/cleopatra": "~0.1",
                "facebook/definition-finder": "1.4.*",
                "hhvm": "~3.12",
                "psr/log": "^1.0.0"
            },
            "require-dev": {
                "hackpack/hackunit": "~0.6",
                "libreworks/psr3-log-hhi": "^1.0.0"
            },
            "bin": [
                "bin/hphpdoc"
            ],
            "type": "library",
            "extra": {
                "branch-alias": {
                    "dev-master": "0.4.x-dev"
                }
            },
            "autoload": {
                "psr-4": {
                    "Hphpdoc\\": "src/"
                },
                "classmap": [
                    "xhp"
                ]
            },
            "notification-url": "https://packagist.org/downloads/",
            "license": [
                "Apache-2.0"
            ],
            "description": "An API documentation generator for Hack/HHVM and PHP",
            "homepage": "http://github.com/appertly/hphpdoc",
            "keywords": [
                "api",
                "documentation",
                "hack",
                "hhvm",
                "php"
            ],
            "time": "2017-02-26 17:52:52"
        },
        {
            "name": "facebook/definition-finder",
            "version": "v1.4.4",
            "source": {
                "type": "git",
                "url": "https://github.com/hhvm/definition-finder.git",
                "reference": "9bd4c5bc3fb0ffe040903b212342be6a4d5cbbd4"
            },
            "dist": {
                "type": "zip",
                "url": "https://api.github.com/repos/hhvm/definition-finder/zipball/9bd4c5bc3fb0ffe040903b212342be6a4d5cbbd4",
                "reference": "9bd4c5bc3fb0ffe040903b212342be6a4d5cbbd4",
                "shasum": ""
            },
            "require": {
                "hhvm": "~3.12"
            },
            "require-dev": {
                "91carriage/phpunit-hhi": "~5.1",
                "hhvm/systemlib-extractor": "^0.1.0",
                "phpunit/phpunit": "~5.1"
            },
            "type": "library",
            "autoload": {
                "classmap": [
                    "src/"
                ],
                "files": [
                    "autoload_files.php"
                ]
            },
            "notification-url": "https://packagist.org/downloads/",
            "description": "Find definitions in PHP or Hack files. Useful for autoloaders.",
            "homepage": "https://github.com/hhvm/definitions-finder",
            "keywords": [
                "autoload",
                "definitions",
                "hack",
                "hhvm"
            ],
            "time": "2017-02-15T01:01:26+00:00"
        },
        {
            "name": "facebook/hhvm-autoload",
            "version": "v1.3.1",
            "source": {
                "type": "git",
                "url": "https://github.com/hhvm/hhvm-autoload.git",
                "reference": "7c998b32421b083837e810dd736b8cb092b52f22"
            },
            "dist": {
                "type": "zip",
                "url": "https://api.github.com/repos/hhvm/hhvm-autoload/zipball/7c998b32421b083837e810dd736b8cb092b52f22",
                "reference": "7c998b32421b083837e810dd736b8cb092b52f22",
                "shasum": ""
            },
            "require": {
                "91carriage/phpunit-hhi": "^5.1",
                "composer-plugin-api": "^1.0",
                "facebook/definition-finder": "^1.0",
                "fredemmott/hack-error-suppressor": "^1.0",
                "fredemmott/type-assert": "^1.1",
                "hhvm": "^3.12"
            },
            "require-dev": {
                "phpunit/phpunit": "^5.1"
            },
            "type": "composer-plugin",
            "extra": {
                "class": [
                    "Facebook\\AutoloadMap\\ComposerPlugin"
                ]
            },
            "autoload": {
                "classmap": [
                    "src/Writer.php",
                    "src/"
                ],
                "files": [
                    "src/AutoloadMap.php",
                    "src/Config.php"
                ]
            },
            "notification-url": "https://packagist.org/downloads/",
            "time": "2017-06-23T19:40:44+00:00"
        },
        {
            "name": "facebook/xhp-lib",
            "version": "v2.3.2",
            "source": {
                "type": "git",
                "url": "https://github.com/facebook/xhp-lib.git",
                "reference": "4d2e2640534f50debe04f6a398db064fa6b1bb72"
            },
            "dist": {
                "type": "zip",
                "url": "https://api.github.com/repos/facebook/xhp-lib/zipball/4d2e2640534f50debe04f6a398db064fa6b1bb72",
                "reference": "4d2e2640534f50debe04f6a398db064fa6b1bb72",
                "shasum": ""
            },
            "require": {
                "fredemmott/type-assert": "^0.2.0 || ^1.0",
                "hhvm": "~3.12"
            },
            "require-dev": {
                "91carriage/phpunit-hhi": "^5.1.0",
                "phpunit/phpunit": "^5.1.0"
            },
            "type": "library",
            "extra": {
                "branch-alias": {
                    "dev-master": "2.x-dev"
                }
            },
            "autoload": {
                "classmap": [
                    "src/"
                ]
            },
            "notification-url": "https://packagist.org/downloads/",
            "license": [
                "BSD-3-Clause"
            ],
            "description": "Class library for XHP",
            "homepage": "https://github.com/facebook/xhp-lib",
            "keywords": [
                "facebook",
                "hack",
                "hhvm",
                "xhp"
            ],
            "time": "2016-12-04T21:31:50+00:00"
        },
        {
            "name": "fredemmott/hack-error-suppressor",
            "version": "v1.0.1",
            "source": {
                "type": "git",
                "url": "https://github.com/fredemmott/hack-error-suppressor.git",
                "reference": "cb145c771b50f4f4eeec8c9cac4740df3d486a12"
            },
            "dist": {
                "type": "zip",
                "url": "https://api.github.com/repos/fredemmott/hack-error-suppressor/zipball/cb145c771b50f4f4eeec8c9cac4740df3d486a12",
                "reference": "cb145c771b50f4f4eeec8c9cac4740df3d486a12",
                "shasum": ""
            },
            "require-dev": {
                "91carriage/phpunit-hhi": "^5.6",
                "phpunit/phpunit": "^5.7"
            },
            "type": "library",
            "autoload": {
                "classmap": [
                    "src/"
                ]
            },
            "notification-url": "https://packagist.org/downloads/",
            "license": [
                "ISC"
            ],
            "authors": [
                {
                    "name": "Fred Emmott",
                    "email": "fred@fredemmott.co.uk"
                }
            ],
            "description": "Suppress HHVM's automatic conversion of typechecker errors to fatals.",
            "time": "2017-05-02T03:07:37+00:00"
        },
        {
            "name": "fredemmott/type-assert",
            "version": "v1.1",
            "source": {
                "type": "git",
                "url": "https://github.com/fredemmott/type-assert.git",
                "reference": "38460b438ca85701585abe471d944c678d242847"
            },
            "dist": {
                "type": "zip",
                "url": "https://api.github.com/repos/fredemmott/type-assert/zipball/38460b438ca85701585abe471d944c678d242847",
                "reference": "38460b438ca85701585abe471d944c678d242847",
                "shasum": ""
            },
            "require": {
                "hhvm": "~3.12"
            },
            "require-dev": {
                "91carriage/phpunit-hhi": "~5.1",
                "phpunit/phpunit": "~5.1"
            },
            "type": "library",
            "autoload": {
                "classmap": [
                    "src/"
                ]
            },
            "notification-url": "https://packagist.org/downloads/",
            "license": [
                "ISC"
            ],
            "description": "Convert untyped data to typed data",
            "keywords": [
                "TypeAssert",
                "hack"
            ],
            "time": "2017-02-15T02:26:23+00:00"
        },
        {
            "name": "hackpack/hackunit",
            "version": "v1.1.0",
            "source": {
                "type": "git",
                "url": "https://github.com/HackPack/HackUnit.git",
                "reference": "089b710077730613d595e83d84a4bc8b78bc43bd"
            },
            "dist": {
                "type": "zip",
                "url": "https://api.github.com/repos/HackPack/HackUnit/zipball/089b710077730613d595e83d84a4bc8b78bc43bd",
                "reference": "089b710077730613d595e83d84a4bc8b78bc43bd",
                "shasum": ""
            },
            "require": {
                "facebook/definition-finder": "^1.0",
                "hhvm": "^3.11"
            },
            "bin": [
                "bin/hackunit"
            ],
            "type": "library",
            "autoload": {
                "psr-4": {
                    "HackPack\\HackUnit\\": "src/"
                },
                "files": [
                    "src/Event/Listeners.php"
                ]
            },
            "notification-url": "https://packagist.org/downloads/",
            "license": [
                "MIT"
            ],
            "authors": [
                {
                    "name": "Brian Scaturro",
                    "email": "scaturrob@gmail.com",
                    "role": "Creator"
                },
                {
                    "name": "Isaac Leinweber",
                    "email": "brotchen@gmail.com",
                    "role": "Developer"
                }
            ],
            "description": "An xUnit testing framework for Hack",
            "keywords": [
                "hack",
                "hacklang",
                "hhvm",
                "testing",
                "xunit"
            ],
            "time": "2017-03-04T15:31:08+00:00"
        },
        {
            "name": "league/commonmark",
            "version": "0.13.4",
            "source": {
                "type": "git",
                "url": "https://github.com/thephpleague/commonmark.git",
                "reference": "83f8210427fb01f671e272bb8d44b4ed3a94d459"
            },
            "dist": {
                "type": "zip",
                "url": "https://api.github.com/repos/thephpleague/commonmark/zipball/83f8210427fb01f671e272bb8d44b4ed3a94d459",
                "reference": "83f8210427fb01f671e272bb8d44b4ed3a94d459",
                "shasum": ""
            },
            "require": {
                "ext-mbstring": "*",
                "php": ">=5.4.8"
            },
            "replace": {
                "colinodell/commonmark-php": "*"
            },
            "require-dev": {
                "cebe/markdown": "~1.0",
                "erusev/parsedown": "~1.0",
                "jgm/commonmark": "0.25",
                "michelf/php-markdown": "~1.4",
                "mikehaertl/php-shellcommand": "~1.2.0",
                "phpunit/phpunit": "~4.3|~5.0",
                "scrutinizer/ocular": "~1.1",
                "symfony/finder": "~2.3|~3.0"
            },
            "suggest": {
                "league/commonmark-extras": "Library of useful extensions including smart punctuation"
            },
            "bin": [
                "bin/commonmark"
            ],
            "type": "library",
            "extra": {
                "branch-alias": {
                    "dev-master": "0.14-dev"
                }
            },
            "autoload": {
                "psr-4": {
                    "League\\CommonMark\\": "src/"
                }
            },
            "notification-url": "https://packagist.org/downloads/",
            "license": [
                "BSD-3-Clause"
            ],
            "authors": [
                {
                    "name": "Colin O'Dell",
                    "email": "colinodell@gmail.com",
                    "homepage": "https://www.colinodell.com",
                    "role": "Lead Developer"
                }
            ],
            "description": "Markdown parser for PHP based on the CommonMark spec",
            "homepage": "https://github.com/thephpleague/commonmark",
            "keywords": [
                "commonmark",
                "markdown",
                "parser"
            ],
            "time": "2016-06-14T14:49:29+00:00"
        },
        {
            "name": "libreworks/psr3-log-hhi",
            "version": "1.0.1",
            "source": {
                "type": "git",
                "url": "https://github.com/libreworks/psr3-log-hhi.git",
                "reference": "838b9fda08754e0a1908edf95410944fd501c65b"
            },
            "dist": {
                "type": "zip",
                "url": "https://api.github.com/repos/libreworks/psr3-log-hhi/zipball/838b9fda08754e0a1908edf95410944fd501c65b",
                "reference": "838b9fda08754e0a1908edf95410944fd501c65b",
                "shasum": ""
            },
            "require": {
                "psr/log": "^1.0"
            },
            "type": "library",
            "notification-url": "https://packagist.org/downloads/",
            "license": [
                "MIT"
            ],
            "description": "Typechecker definitions for PSR-3",
            "homepage": "https://github.com/libreworks/psr3-log-hhi",
            "keywords": [
                "PSR3",
                "hack",
                "hhi",
                "hhvm",
                "log",
                "psr",
                "psr-3"
            ],
            "time": "2016-03-28T15:04:55+00:00"
        },
        {
            "name": "psr/log",
            "version": "1.0.2",
            "source": {
                "type": "git",
                "url": "https://github.com/php-fig/log.git",
                "reference": "4ebe3a8bf773a19edfe0a84b6585ba3d401b724d"
            },
            "dist": {
                "type": "zip",
                "url": "https://api.github.com/repos/php-fig/log/zipball/4ebe3a8bf773a19edfe0a84b6585ba3d401b724d",
                "reference": "4ebe3a8bf773a19edfe0a84b6585ba3d401b724d",
                "shasum": ""
            },
            "require": {
                "php": ">=5.3.0"
            },
            "type": "library",
            "extra": {
                "branch-alias": {
                    "dev-master": "1.0.x-dev"
                }
            },
            "autoload": {
                "psr-4": {
                    "Psr\\Log\\": "Psr/Log/"
                }
            },
            "notification-url": "https://packagist.org/downloads/",
            "license": [
                "MIT"
            ],
            "authors": [
                {
                    "name": "PHP-FIG",
                    "homepage": "http://www.php-fig.org/"
                }
            ],
            "description": "Common interface for logging libraries",
            "homepage": "https://github.com/php-fig/log",
            "keywords": [
                "log",
                "psr",
                "psr-3"
            ],
            "time": "2016-10-10T12:19:37+00:00"
        }
    ],
    "aliases": [],
    "minimum-stability": "stable",
    "stability-flags": {
        "guzzlehttp/psr7": 20,
        "appertly/hphpdoc": 20
    },
    "prefer-stable": false,
    "prefer-lowest": false,
    "platform": {
        "hhvm": "^3.16"
    },
    "platform-dev": []
}
